// !$*UTF8*$!
{
	archiveVersion = 1;
	classes = {
	};
	objectVersion = 46;
	objects = {

/* Begin PBXBuildFile section */
		58E530E61ACE05E00063AF68 /* AppDelegate.swift in Sources */ = {isa = PBXBuildFile; fileRef = 58E530E51ACE05E00063AF68 /* AppDelegate.swift */; };
		58E530E81ACE05E00063AF68 /* ViewController.swift in Sources */ = {isa = PBXBuildFile; fileRef = 58E530E71ACE05E00063AF68 /* ViewController.swift */; };
		58E530EB1ACE05E00063AF68 /* Main.storyboard in Resources */ = {isa = PBXBuildFile; fileRef = 58E530E91ACE05E00063AF68 /* Main.storyboard */; };
		58E530ED1ACE05E00063AF68 /* Images.xcassets in Resources */ = {isa = PBXBuildFile; fileRef = 58E530EC1ACE05E00063AF68 /* Images.xcassets */; };
		58E530F01ACE05E00063AF68 /* LaunchScreen.xib in Resources */ = {isa = PBXBuildFile; fileRef = 58E530EE1ACE05E00063AF68 /* LaunchScreen.xib */; };
		58E530FC1ACE05E10063AF68 /* SwiftyJson_Alamofire2Tests.swift in Sources */ = {isa = PBXBuildFile; fileRef = 58E530FB1ACE05E10063AF68 /* SwiftyJson_Alamofire2Tests.swift */; };
		58E5310E1ACE1BAF0063AF68 /* Alamofire.framework in Frameworks */ = {isa = PBXBuildFile; fileRef = 58E5310D1ACE1BAF0063AF68 /* Alamofire.framework */; };
		58E5310F1ACE1BAF0063AF68 /* Alamofire.framework in Embed Frameworks */ = {isa = PBXBuildFile; fileRef = 58E5310D1ACE1BAF0063AF68 /* Alamofire.framework */; settings = {ATTRIBUTES = (CodeSignOnCopy, RemoveHeadersOnCopy, ); }; };
		58E531121ACE1BC00063AF68 /* SwiftyJSON.framework in Frameworks */ = {isa = PBXBuildFile; fileRef = 58E531111ACE1BC00063AF68 /* SwiftyJSON.framework */; };
		58E531131ACE1BC00063AF68 /* SwiftyJSON.framework in Embed Frameworks */ = {isa = PBXBuildFile; fileRef = 58E531111ACE1BC00063AF68 /* SwiftyJSON.framework */; settings = {ATTRIBUTES = (CodeSignOnCopy, RemoveHeadersOnCopy, ); }; };
/* End PBXBuildFile section */

/* Begin PBXContainerItemProxy section */
		58E530F61ACE05E10063AF68 /* PBXContainerItemProxy */ = {
			isa = PBXContainerItemProxy;
			containerPortal = 58E530D81ACE05E00063AF68 /* Project object */;
			proxyType = 1;
			remoteGlobalIDString = 58E530DF1ACE05E00063AF68;
			remoteInfo = "SwiftyJson-Alamofire2";
		};
/* End PBXContainerItemProxy section */

/* Begin PBXCopyFilesBuildPhase section */
		58E531101ACE1BAF0063AF68 /* Embed Frameworks */ = {
			isa = PBXCopyFilesBuildPhase;
			buildActionMask = 2147483647;
			dstPath = "";
			dstSubfolderSpec = 10;
			files = (
				58E531131ACE1BC00063AF68 /* SwiftyJSON.framework in Embed Frameworks */,
				58E5310F1ACE1BAF0063AF68 /* Alamofire.framework in Embed Frameworks */,
			);
			name = "Embed Frameworks";
			runOnlyForDeploymentPostprocessing = 0;
		};
/* End PBXCopyFilesBuildPhase section */

/* Begin PBXFileReference section */
		58E530E01ACE05E00063AF68 /* SwiftyJson-Alamofire2.app */ = {isa = PBXFileReference; explicitFileType = wrapper.application; includeInIndex = 0; path = "SwiftyJson-Alamofire2.app"; sourceTree = BUILT_PRODUCTS_DIR; };
		58E530E41ACE05E00063AF68 /* Info.plist */ = {isa = PBXFileReference; lastKnownFileType = text.plist.xml; path = Info.plist; sourceTree = "<group>"; };
		58E530E51ACE05E00063AF68 /* AppDelegate.swift */ = {isa = PBXFileReference; lastKnownFileType = sourcecode.swift; path = AppDelegate.swift; sourceTree = "<group>"; };
		58E530E71ACE05E00063AF68 /* ViewController.swift */ = {isa = PBXFileReference; lastKnownFileType = sourcecode.swift; path = ViewController.swift; sourceTree = "<group>"; };
		58E530EA1ACE05E00063AF68 /* Base */ = {isa = PBXFileReference; lastKnownFileType = file.storyboard; name = Base; path = Base.lproj/Main.storyboard; sourceTree = "<group>"; };
		58E530EC1ACE05E00063AF68 /* Images.xcassets */ = {isa = PBXFileReference; lastKnownFileType = folder.assetcatalog; path = Images.xcassets; sourceTree = "<group>"; };
		58E530EF1ACE05E00063AF68 /* Base */ = {isa = PBXFileReference; lastKnownFileType = file.xib; name = Base; path = Base.lproj/LaunchScreen.xib; sourceTree = "<group>"; };
		58E530F51ACE05E10063AF68 /* SwiftyJson-Alamofire2Tests.xctest */ = {isa = PBXFileReference; explicitFileType = wrapper.cfbundle; includeInIndex = 0; path = "SwiftyJson-Alamofire2Tests.xctest"; sourceTree = BUILT_PRODUCTS_DIR; };
		58E530FA1ACE05E10063AF68 /* Info.plist */ = {isa = PBXFileReference; lastKnownFileType = text.plist.xml; path = Info.plist; sourceTree = "<group>"; };
		58E530FB1ACE05E10063AF68 /* SwiftyJson_Alamofire2Tests.swift */ = {isa = PBXFileReference; lastKnownFileType = sourcecode.swift; path = SwiftyJson_Alamofire2Tests.swift; sourceTree = "<group>"; };
		58E5310D1ACE1BAF0063AF68 /* Alamofire.framework */ = {isa = PBXFileReference; lastKnownFileType = wrapper.framework; name = Alamofire.framework; path = Carthage/Build/iOS/Alamofire.framework; sourceTree = "<group>"; };
		58E531111ACE1BC00063AF68 /* SwiftyJSON.framework */ = {isa = PBXFileReference; lastKnownFileType = wrapper.framework; name = SwiftyJSON.framework; path = Carthage/Build/iOS/SwiftyJSON.framework; sourceTree = "<group>"; };
/* End PBXFileReference section */

/* Begin PBXFrameworksBuildPhase section */
		58E530DD1ACE05E00063AF68 /* Frameworks */ = {
			isa = PBXFrameworksBuildPhase;
			buildActionMask = 2147483647;
			files = (
				58E531121ACE1BC00063AF68 /* SwiftyJSON.framework in Frameworks */,
				58E5310E1ACE1BAF0063AF68 /* Alamofire.framework in Frameworks */,
			);
			runOnlyForDeploymentPostprocessing = 0;
		};
		58E530F21ACE05E10063AF68 /* Frameworks */ = {
			isa = PBXFrameworksBuildPhase;
			buildActionMask = 2147483647;
			files = (
			);
			runOnlyForDeploymentPostprocessing = 0;
		};
/* End PBXFrameworksBuildPhase section */

/* Begin PBXGroup section */
		58E530D71ACE05E00063AF68 = {
			isa = PBXGroup;
			children = (
				58E531111ACE1BC00063AF68 /* SwiftyJSON.framework */,
				58E5310D1ACE1BAF0063AF68 /* Alamofire.framework */,
				58E530E21ACE05E00063AF68 /* SwiftyJson-Alamofire2 */,
				58E530F81ACE05E10063AF68 /* SwiftyJson-Alamofire2Tests */,
				58E530E11ACE05E00063AF68 /* Products */,
			);
			sourceTree = "<group>";
		};
		58E530E11ACE05E00063AF68 /* Products */ = {
			isa = PBXGroup;
			children = (
				58E530E01ACE05E00063AF68 /* SwiftyJson-Alamofire2.app */,
				58E530F51ACE05E10063AF68 /* SwiftyJson-Alamofire2Tests.xctest */,
			);
			name = Products;
			sourceTree = "<group>";
		};
		58E530E21ACE05E00063AF68 /* SwiftyJson-Alamofire2 */ = {
			isa = PBXGroup;
			children = (
				58E530E51ACE05E00063AF68 /* AppDelegate.swift */,
				58E530E71ACE05E00063AF68 /* ViewController.swift */,
				58E530E91ACE05E00063AF68 /* Main.storyboard */,
				58E530EC1ACE05E00063AF68 /* Images.xcassets */,
				58E530EE1ACE05E00063AF68 /* LaunchScreen.xib */,
				58E530E31ACE05E00063AF68 /* Supporting Files */,
			);
			path = "SwiftyJson-Alamofire2";
			sourceTree = "<group>";
		};
		58E530E31ACE05E00063AF68 /* Supporting Files */ = {
			isa = PBXGroup;
			children = (
				58E530E41ACE05E00063AF68 /* Info.plist */,
			);
			name = "Supporting Files";
			sourceTree = "<group>";
		};
		58E530F81ACE05E10063AF68 /* SwiftyJson-Alamofire2Tests */ = {
			isa = PBXGroup;
			children = (
				58E530FB1ACE05E10063AF68 /* SwiftyJson_Alamofire2Tests.swift */,
				58E530F91ACE05E10063AF68 /* Supporting Files */,
			);
			path = "SwiftyJson-Alamofire2Tests";
			sourceTree = "<group>";
		};
		58E530F91ACE05E10063AF68 /* Supporting Files */ = {
			isa = PBXGroup;
			children = (
				58E530FA1ACE05E10063AF68 /* Info.plist */,
			);
			name = "Supporting Files";
			sourceTree = "<group>";
		};
/* End PBXGroup section */

/* Begin PBXNativeTarget section */
		58E530DF1ACE05E00063AF68 /* SwiftyJson-Alamofire2 */ = {
			isa = PBXNativeTarget;
			buildConfigurationList = 58E530FF1ACE05E10063AF68 /* Build configuration list for PBXNativeTarget "SwiftyJson-Alamofire2" */;
			buildPhases = (
				58E530DC1ACE05E00063AF68 /* Sources */,
				58E530DD1ACE05E00063AF68 /* Frameworks */,
				58E530DE1ACE05E00063AF68 /* Resources */,
				58E531101ACE1BAF0063AF68 /* Embed Frameworks */,
			);
			buildRules = (
			);
			dependencies = (
			);
			name = "SwiftyJson-Alamofire2";
			productName = "SwiftyJson-Alamofire2";
			productReference = 58E530E01ACE05E00063AF68 /* SwiftyJson-Alamofire2.app */;
			productType = "com.apple.product-type.application";
		};
		58E530F41ACE05E10063AF68 /* SwiftyJson-Alamofire2Tests */ = {
			isa = PBXNativeTarget;
			buildConfigurationList = 58E531021ACE05E10063AF68 /* Build configuration list for PBXNativeTarget "SwiftyJson-Alamofire2Tests" */;
			buildPhases = (
				58E530F11ACE05E10063AF68 /* Sources */,
				58E530F21ACE05E10063AF68 /* Frameworks */,
				58E530F31ACE05E10063AF68 /* Resources */,
			);
			buildRules = (
			);
			dependencies = (
				58E530F71ACE05E10063AF68 /* PBXTargetDependency */,
			);
			name = "SwiftyJson-Alamofire2Tests";
			productName = "SwiftyJson-Alamofire2Tests";
			productReference = 58E530F51ACE05E10063AF68 /* SwiftyJson-Alamofire2Tests.xctest */;
			productType = "com.apple.product-type.bundle.unit-test";
		};
/* End PBXNativeTarget section */

/* Begin PBXProject section */
		58E530D81ACE05E00063AF68 /* Project object */ = {
			isa = PBXProject;
			attributes = {
				LastUpgradeCheck = 0620;
				ORGANIZATIONNAME = "HIRATSUKA SHUNSUKE";
				TargetAttributes = {
					58E530DF1ACE05E00063AF68 = {
						CreatedOnToolsVersion = 6.2;
					};
					58E530F41ACE05E10063AF68 = {
						CreatedOnToolsVersion = 6.2;
						TestTargetID = 58E530DF1ACE05E00063AF68;
					};
				};
			};
			buildConfigurationList = 58E530DB1ACE05E00063AF68 /* Build configuration list for PBXProject "SwiftyJson-Alamofire2" */;
			compatibilityVersion = "Xcode 3.2";
			developmentRegion = English;
			hasScannedForEncodings = 0;
			knownRegions = (
				en,
				Base,
			);
			mainGroup = 58E530D71ACE05E00063AF68;
			productRefGroup = 58E530E11ACE05E00063AF68 /* Products */;
			projectDirPath = "";
			projectRoot = "";
			targets = (
				58E530DF1ACE05E00063AF68 /* SwiftyJson-Alamofire2 */,
				58E530F41ACE05E10063AF68 /* SwiftyJson-Alamofire2Tests */,
			);
		};
/* End PBXProject section */

/* Begin PBXResourcesBuildPhase section */
		58E530DE1ACE05E00063AF68 /* Resources */ = {
			isa = PBXResourcesBuildPhase;
			buildActionMask = 2147483647;
			files = (
				58E530EB1ACE05E00063AF68 /* Main.storyboard in Resources */,
				58E530F01ACE05E00063AF68 /* LaunchScreen.xib in Resources */,
				58E530ED1ACE05E00063AF68 /* Images.xcassets in Resources */,
			);
			runOnlyForDeploymentPostprocessing = 0;
		};
		58E530F31ACE05E10063AF68 /* Resources */ = {
			isa = PBXResourcesBuildPhase;
			buildActionMask = 2147483647;
			files = (
			);
			runOnlyForDeploymentPostprocessing = 0;
		};
/* End PBXResourcesBuildPhase section */

/* Begin PBXSourcesBuildPhase section */
		58E530DC1ACE05E00063AF68 /* Sources */ = {
			isa = PBXSourcesBuildPhase;
			buildActionMask = 2147483647;
			files = (
				58E530E81ACE05E00063AF68 /* ViewController.swift in Sources */,
				58E530E61ACE05E00063AF68 /* AppDelegate.swift in Sources */,
			);
			runOnlyForDeploymentPostprocessing = 0;
		};
		58E530F11ACE05E10063AF68 /* Sources */ = {
			isa = PBXSourcesBuildPhase;
			buildActionMask = 2147483647;
			files = (
				58E530FC1ACE05E10063AF68 /* SwiftyJson_Alamofire2Tests.swift in Sources */,
			);
			runOnlyForDeploymentPostprocessing = 0;
		};
/* End PBXSourcesBuildPhase section */

/* Begin PBXTargetDependency section */
		58E530F71ACE05E10063AF68 /* PBXTargetDependency */ = {
			isa = PBXTargetDependency;
			target = 58E530DF1ACE05E00063AF68 /* SwiftyJson-Alamofire2 */;
			targetProxy = 58E530F61ACE05E10063AF68 /* PBXContainerItemProxy */;
		};
/* End PBXTargetDependency section */

/* Begin PBXVariantGroup section */
		58E530E91ACE05E00063AF68 /* Main.storyboard */ = {
			isa = PBXVariantGroup;
			children = (
				58E530EA1ACE05E00063AF68 /* Base */,
			);
			name = Main.storyboard;
			sourceTree = "<group>";
		};
		58E530EE1ACE05E00063AF68 /* LaunchScreen.xib */ = {
			isa = PBXVariantGroup;
			children = (
				58E530EF1ACE05E00063AF68 /* Base */,
			);
			name = LaunchScreen.xib;
			sourceTree = "<group>";
		};
/* End PBXVariantGroup section */

/* Begin XCBuildConfiguration section */
		58E530FD1ACE05E10063AF68 /* Debug */ = {
			isa = XCBuildConfiguration;
			buildSettings = {
				ALWAYS_SEARCH_USER_PATHS = NO;
				CLANG_CXX_LANGUAGE_STANDARD = "gnu++0x";
				CLANG_CXX_LIBRARY = "libc++";
				CLANG_ENABLE_MODULES = YES;
				CLANG_ENABLE_OBJC_ARC = YES;
				CLANG_WARN_BOOL_CONVERSION = YES;
				CLANG_WARN_CONSTANT_CONVERSION = YES;
				CLANG_WARN_DIRECT_OBJC_ISA_USAGE = YES_ERROR;
				CLANG_WARN_EMPTY_BODY = YES;
				CLANG_WARN_ENUM_CONVERSION = YES;
				CLANG_WARN_INT_CONVERSION = YES;
				CLANG_WARN_OBJC_ROOT_CLASS = YES_ERROR;
				CLANG_WARN_UNREACHABLE_CODE = YES;
				CLANG_WARN__DUPLICATE_METHOD_MATCH = YES;
				"CODE_SIGN_IDENTITY[sdk=iphoneos*]" = "iPhone Developer";
				COPY_PHASE_STRIP = NO;
				ENABLE_STRICT_OBJC_MSGSEND = YES;
				GCC_C_LANGUAGE_STANDARD = gnu99;
				GCC_DYNAMIC_NO_PIC = NO;
				GCC_OPTIMIZATION_LEVEL = 0;
				GCC_PREPROCESSOR_DEFINITIONS = (
					"DEBUG=1",
					"$(inherited)",
				);
				GCC_SYMBOLS_PRIVATE_EXTERN = NO;
				GCC_WARN_64_TO_32_BIT_CONVERSION = YES;
				GCC_WARN_ABOUT_RETURN_TYPE = YES_ERROR;
				GCC_WARN_UNDECLARED_SELECTOR = YES;
				GCC_WARN_UNINITIALIZED_AUTOS = YES_AGGRESSIVE;
				GCC_WARN_UNUSED_FUNCTION = YES;
				GCC_WARN_UNUSED_VARIABLE = YES;
				IPHONEOS_DEPLOYMENT_TARGET = 8.2;
				MTL_ENABLE_DEBUG_INFO = YES;
				ONLY_ACTIVE_ARCH = YES;
				SDKROOT = iphoneos;
				SWIFT_OPTIMIZATION_LEVEL = "-Onone";
			};
			name = Debug;
		};
		58E530FE1ACE05E10063AF68 /* Release */ = {
			isa = XCBuildConfiguration;
			buildSettings = {
				ALWAYS_SEARCH_USER_PATHS = NO;
				CLANG_CXX_LANGUAGE_STANDARD = "gnu++0x";
				CLANG_CXX_LIBRARY = "libc++";
				CLANG_ENABLE_MODULES = YES;
				CLANG_ENABLE_OBJC_ARC = YES;
				CLANG_WARN_BOOL_CONVERSION = YES;
				CLANG_WARN_CONSTANT_CONVERSION = YES;
				CLANG_WARN_DIRECT_OBJC_ISA_USAGE = YES_ERROR;
				CLANG_WARN_EMPTY_BODY = YES;
				CLANG_WARN_ENUM_CONVERSION = YES;
				CLANG_WARN_INT_CONVERSION = YES;
				CLANG_WARN_OBJC_ROOT_CLASS = YES_ERROR;
				CLANG_WARN_UNREACHABLE_CODE = YES;
				CLANG_WARN__DUPLICATE_METHOD_MATCH = YES;
				"CODE_SIGN_IDENTITY[sdk=iphoneos*]" = "iPhone Developer";
				COPY_PHASE_STRIP = NO;
				ENABLE_NS_ASSERTIONS = NO;
				ENABLE_STRICT_OBJC_MSGSEND = YES;
				GCC_C_LANGUAGE_STANDARD = gnu99;
				GCC_WARN_64_TO_32_BIT_CONVERSION = YES;
				GCC_WARN_ABOUT_RETURN_TYPE = YES_ERROR;
				GCC_WARN_UNDECLARED_SELECTOR = YES;
				GCC_WARN_UNINITIALIZED_AUTOS = YES_AGGRESSIVE;
				GCC_WARN_UNUSED_FUNCTION = YES;
				GCC_WARN_UNUSED_VARIABLE = YES;
				IPHONEOS_DEPLOYMENT_TARGET = 8.2;
				MTL_ENABLE_DEBUG_INFO = NO;
				SDKROOT = iphoneos;
				VALIDATE_PRODUCT = YES;
			};
			name = Release;
		};
		58E531001ACE05E10063AF68 /* Debug */ = {
			isa = XCBuildConfiguration;
			buildSettings = {
				ASSETCATALOG_COMPILER_APPICON_NAME = AppIcon;
				FRAMEWORK_SEARCH_PATHS = (
					"$(inherited)",
					"$(PROJECT_DIR)/Carthage/Build/iOS",
				);
				INFOPLIST_FILE = "SwiftyJson-Alamofire2/Info.plist";
				IPHONEOS_DEPLOYMENT_TARGET = 8.0;
				LD_RUNPATH_SEARCH_PATHS = "$(inherited) @executable_path/Frameworks";
				PRODUCT_NAME = "$(TARGET_NAME)";
			};
			name = Debug;
		};
		58E531011ACE05E10063AF68 /* Release */ = {
			isa = XCBuildConfiguration;
			buildSettings = {
				ASSETCATALOG_COMPILER_APPICON_NAME = AppIcon;
				FRAMEWORK_SEARCH_PATHS = (
					"$(inherited)",
					"$(PROJECT_DIR)/Carthage/Build/iOS",
				);
				INFOPLIST_FILE = "SwiftyJson-Alamofire2/Info.plist";
				IPHONEOS_DEPLOYMENT_TARGET = 8.0;
				LD_RUNPATH_SEARCH_PATHS = "$(inherited) @executable_path/Frameworks";
				PRODUCT_NAME = "$(TARGET_NAME)";
			};
			name = Release;
		};
		58E531031ACE05E10063AF68 /* Debug */ = {
			isa = XCBuildConfiguration;
			buildSettings = {
				BUNDLE_LOADER = "$(TEST_HOST)";
				FRAMEWORK_SEARCH_PATHS = (
					"$(SDKROOT)/Developer/Library/Frameworks",
					"$(inherited)",
				);
				GCC_PREPROCESSOR_DEFINITIONS = (
					"DEBUG=1",
					"$(inherited)",
				);
				INFOPLIST_FILE = "SwiftyJson-Alamofire2Tests/Info.plist";
				LD_RUNPATH_SEARCH_PATHS = "$(inherited) @executable_path/Frameworks @loader_path/Frameworks";
				PRODUCT_NAME = "$(TARGET_NAME)";
				TEST_HOST = "$(BUILT_PRODUCTS_DIR)/SwiftyJson-Alamofire2.app/SwiftyJson-Alamofire2";
			};
			name = Debug;
		};
		58E531041ACE05E10063AF68 /* Release */ = {
			isa = XCBuildConfiguration;
			buildSettings = {
				BUNDLE_LOADER = "$(TEST_HOST)";
				FRAMEWORK_SEARCH_PATHS = (
					"$(SDKROOT)/Developer/Library/Frameworks",
					"$(inherited)",
				);
				INFOPLIST_FILE = "SwiftyJson-Alamofire2Tests/Info.plist";
				LD_RUNPATH_SEARCH_PATHS = "$(inherited) @executable_path/Frameworks @loader_path/Frameworks";
				PRODUCT_NAME = "$(TARGET_NAME)";
				TEST_HOST = "$(BUILT_PRODUCTS_DIR)/SwiftyJson-Alamofire2.app/SwiftyJson-Alamofire2";
			};
			name = Release;
		};
/* End XCBuildConfiguration section */

/* Begin XCConfigurationList section */
		58E530DB1ACE05E00063AF68 /* Build configuration list for PBXProject "SwiftyJson-Alamofire2" */ = {
			isa = XCConfigurationList;
			buildConfigurations = (
				58E530FD1ACE05E10063AF68 /* Debug */,
				58E530FE1ACE05E10063AF68 /* Release */,
			);
			defaultConfigurationIsVisible = 0;
			defaultConfigurationName = Release;
		};
		58E530FF1ACE05E10063AF68 /* Build configuration list for PBXNativeTarget "SwiftyJson-Alamofire2" */ = {
			isa = XCConfigurationList;
			buildConfigurations = (
				58E531001ACE05E10063AF68 /* Debug */,
				58E531011ACE05E10063AF68 /* Release */,
			);
			defaultConfigurationIsVisible = 0;
			defaultConfigurationName = Release;
		};
		58E531021ACE05E10063AF68 /* Build configuration list for PBXNativeTarget "SwiftyJson-Alamofire2Tests" */ = {
			isa = XCConfigurationList;
			buildConfigurations = (
				58E531031ACE05E10063AF68 /* Debug */,
				58E531041ACE05E10063AF68 /* Release */,
			);
			defaultConfigurationIsVisible = 0;
			defaultConfigurationName = Release;
		};
/* End XCConfigurationList section */
	};
	rootObject = 58E530D81ACE05E00063AF68 /* Project object */;
}
